// !$*UTF8*$!
{
	archiveVersion = 1;
	classes = {
	};
	objectVersion = 46;
	objects = {

/* Begin PBXBuildFile section */
		2239E9AA18658250002C0552 /* Foundation.framework in Frameworks */ = {isa = PBXBuildFile; fileRef = 2239E9A918658250002C0552 /* Foundation.framework */; };
		2239E9AC18658250002C0552 /* CoreGraphics.framework in Frameworks */ = {isa = PBXBuildFile; fileRef = 2239E9AB18658250002C0552 /* CoreGraphics.framework */; };
		2239E9AE18658250002C0552 /* UIKit.framework in Frameworks */ = {isa = PBXBuildFile; fileRef = 2239E9AD18658250002C0552 /* UIKit.framework */; };
		2239E9B418658250002C0552 /* InfoPlist.strings in Resources */ = {isa = PBXBuildFile; fileRef = 2239E9B218658250002C0552 /* InfoPlist.strings */; };
		2239E9B618658250002C0552 /* main.m in Sources */ = {isa = PBXBuildFile; fileRef = 2239E9B518658250002C0552 /* main.m */; };
		2239E9BA18658250002C0552 /* CCAppDelegate.m in Sources */ = {isa = PBXBuildFile; fileRef = 2239E9B918658250002C0552 /* CCAppDelegate.m */; };
		2239E9BD18658250002C0552 /* Main.storyboard in Resources */ = {isa = PBXBuildFile; fileRef = 2239E9BB18658250002C0552 /* Main.storyboard */; };
		2239E9C018658250002C0552 /* CCViewController.m in Sources */ = {isa = PBXBuildFile; fileRef = 2239E9BF18658250002C0552 /* CCViewController.m */; };
		2239E9C218658250002C0552 /* Images.xcassets in Resources */ = {isa = PBXBuildFile; fileRef = 2239E9C118658250002C0552 /* Images.xcassets */; };
		2239E9C918658250002C0552 /* XCTest.framework in Frameworks */ = {isa = PBXBuildFile; fileRef = 2239E9C818658250002C0552 /* XCTest.framework */; };
		2239E9CA18658250002C0552 /* Foundation.framework in Frameworks */ = {isa = PBXBuildFile; fileRef = 2239E9A918658250002C0552 /* Foundation.framework */; };
		2239E9CB18658251002C0552 /* UIKit.framework in Frameworks */ = {isa = PBXBuildFile; fileRef = 2239E9AD18658250002C0552 /* UIKit.framework */; };
		2239E9D318658251002C0552 /* InfoPlist.strings in Resources */ = {isa = PBXBuildFile; fileRef = 2239E9D118658251002C0552 /* InfoPlist.strings */; };
		2239E9D518658251002C0552 /* NSTreeDatabaseExampleTests.m in Sources */ = {isa = PBXBuildFile; fileRef = 2239E9D418658251002C0552 /* NSTreeDatabaseExampleTests.m */; };
		2239E9E1186584CA002C0552 /* NSTree.m in Sources */ = {isa = PBXBuildFile; fileRef = 2239E9E0186584CA002C0552 /* NSTree.m */; };
		2239E9E41865857A002C0552 /* NSTreeDatabase.m in Sources */ = {isa = PBXBuildFile; fileRef = 2239E9E31865857A002C0552 /* NSTreeDatabase.m */; };
		2239E9E51865857A002C0552 /* NSTreeDatabase.m in Sources */ = {isa = PBXBuildFile; fileRef = 2239E9E31865857A002C0552 /* NSTreeDatabase.m */; };
/* End PBXBuildFile section */

/* Begin PBXContainerItemProxy section */
		2239E9CC18658251002C0552 /* PBXContainerItemProxy */ = {
			isa = PBXContainerItemProxy;
			containerPortal = 2239E99E18658250002C0552 /* Project object */;
			proxyType = 1;
			remoteGlobalIDString = 2239E9A518658250002C0552;
			remoteInfo = NSTreeDatabaseExample;
		};
/* End PBXContainerItemProxy section */

/* Begin PBXFileReference section */
		2239E9A618658250002C0552 /* NSTreeDatabaseExample.app */ = {isa = PBXFileReference; explicitFileType = wrapper.application; includeInIndex = 0; path = NSTreeDatabaseExample.app; sourceTree = BUILT_PRODUCTS_DIR; };
		2239E9A918658250002C0552 /* Foundation.framework */ = {isa = PBXFileReference; lastKnownFileType = wrapper.framework; name = Foundation.framework; path = System/Library/Frameworks/Foundation.framework; sourceTree = SDKROOT; };
		2239E9AB18658250002C0552 /* CoreGraphics.framework */ = {isa = PBXFileReference; lastKnownFileType = wrapper.framework; name = CoreGraphics.framework; path = System/Library/Frameworks/CoreGraphics.framework; sourceTree = SDKROOT; };
		2239E9AD18658250002C0552 /* UIKit.framework */ = {isa = PBXFileReference; lastKnownFileType = wrapper.framework; name = UIKit.framework; path = System/Library/Frameworks/UIKit.framework; sourceTree = SDKROOT; };
		2239E9B118658250002C0552 /* NSTreeDatabaseExample-Info.plist */ = {isa = PBXFileReference; lastKnownFileType = text.plist.xml; path = "NSTreeDatabaseExample-Info.plist"; sourceTree = "<group>"; };
		2239E9B318658250002C0552 /* en */ = {isa = PBXFileReference; lastKnownFileType = text.plist.strings; name = en; path = en.lproj/InfoPlist.strings; sourceTree = "<group>"; };
		2239E9B518658250002C0552 /* main.m */ = {isa = PBXFileReference; lastKnownFileType = sourcecode.c.objc; path = main.m; sourceTree = "<group>"; };
		2239E9B718658250002C0552 /* NSTreeDatabaseExample-Prefix.pch */ = {isa = PBXFileReference; lastKnownFileType = sourcecode.c.h; path = "NSTreeDatabaseExample-Prefix.pch"; sourceTree = "<group>"; };
		2239E9B818658250002C0552 /* CCAppDelegate.h */ = {isa = PBXFileReference; lastKnownFileType = sourcecode.c.h; path = CCAppDelegate.h; sourceTree = "<group>"; };
		2239E9B918658250002C0552 /* CCAppDelegate.m */ = {isa = PBXFileReference; lastKnownFileType = sourcecode.c.objc; path = CCAppDelegate.m; sourceTree = "<group>"; };
		2239E9BC18658250002C0552 /* Base */ = {isa = PBXFileReference; lastKnownFileType = file.storyboard; name = Base; path = Base.lproj/Main.storyboard; sourceTree = "<group>"; };
		2239E9BE18658250002C0552 /* CCViewController.h */ = {isa = PBXFileReference; lastKnownFileType = sourcecode.c.h; path = CCViewController.h; sourceTree = "<group>"; };
		2239E9BF18658250002C0552 /* CCViewController.m */ = {isa = PBXFileReference; lastKnownFileType = sourcecode.c.objc; path = CCViewController.m; sourceTree = "<group>"; };
		2239E9C118658250002C0552 /* Images.xcassets */ = {isa = PBXFileReference; lastKnownFileType = folder.assetcatalog; path = Images.xcassets; sourceTree = "<group>"; };
		2239E9C718658250002C0552 /* NSTreeDatabaseExampleTests.xctest */ = {isa = PBXFileReference; explicitFileType = wrapper.cfbundle; includeInIndex = 0; path = NSTreeDatabaseExampleTests.xctest; sourceTree = BUILT_PRODUCTS_DIR; };
		2239E9C818658250002C0552 /* XCTest.framework */ = {isa = PBXFileReference; lastKnownFileType = wrapper.framework; name = XCTest.framework; path = Library/Frameworks/XCTest.framework; sourceTree = DEVELOPER_DIR; };
		2239E9D018658251002C0552 /* NSTreeDatabaseExampleTests-Info.plist */ = {isa = PBXFileReference; lastKnownFileType = text.plist.xml; path = "NSTreeDatabaseExampleTests-Info.plist"; sourceTree = "<group>"; };
		2239E9D218658251002C0552 /* en */ = {isa = PBXFileReference; lastKnownFileType = text.plist.strings; name = en; path = en.lproj/InfoPlist.strings; sourceTree = "<group>"; };
		2239E9D418658251002C0552 /* NSTreeDatabaseExampleTests.m */ = {isa = PBXFileReference; lastKnownFileType = sourcecode.c.objc; path = NSTreeDatabaseExampleTests.m; sourceTree = "<group>"; };
		2239E9DF186584CA002C0552 /* NSTree.h */ = {isa = PBXFileReference; fileEncoding = 4; lastKnownFileType = sourcecode.c.h; path = NSTree.h; sourceTree = "<group>"; };
		2239E9E0186584CA002C0552 /* NSTree.m */ = {isa = PBXFileReference; fileEncoding = 4; lastKnownFileType = sourcecode.c.objc; path = NSTree.m; sourceTree = "<group>"; };
		2239E9E21865857A002C0552 /* NSTreeDatabase.h */ = {isa = PBXFileReference; fileEncoding = 4; lastKnownFileType = sourcecode.c.h; name = NSTreeDatabase.h; path = ../NSTreeDatabase/NSTreeDatabase.h; sourceTree = "<group>"; };
		2239E9E31865857A002C0552 /* NSTreeDatabase.m */ = {isa = PBXFileReference; fileEncoding = 4; lastKnownFileType = sourcecode.c.objc; name = NSTreeDatabase.m; path = ../NSTreeDatabase/NSTreeDatabase.m; sourceTree = "<group>"; };
/* End PBXFileReference section */

/* Begin PBXFrameworksBuildPhase section */
		2239E9A318658250002C0552 /* Frameworks */ = {
			isa = PBXFrameworksBuildPhase;
			buildActionMask = 2147483647;
			files = (
				2239E9AC18658250002C0552 /* CoreGraphics.framework in Frameworks */,
				2239E9AE18658250002C0552 /* UIKit.framework in Frameworks */,
				2239E9AA18658250002C0552 /* Foundation.framework in Frameworks */,
			);
			runOnlyForDeploymentPostprocessing = 0;
		};
		2239E9C418658250002C0552 /* Frameworks */ = {
			isa = PBXFrameworksBuildPhase;
			buildActionMask = 2147483647;
			files = (
				2239E9C918658250002C0552 /* XCTest.framework in Frameworks */,
				2239E9CB18658251002C0552 /* UIKit.framework in Frameworks */,
				2239E9CA18658250002C0552 /* Foundation.framework in Frameworks */,
			);
			runOnlyForDeploymentPostprocessing = 0;
		};
/* End PBXFrameworksBuildPhase section */

/* Begin PBXGroup section */
		2239E99D18658250002C0552 = {
			isa = PBXGroup;
			children = (
				2239E9DE186584CA002C0552 /* NSTree */,
				2239E9E618658583002C0552 /* NSTreeDatabase */,
				2239E9AF18658250002C0552 /* NSTreeDatabaseExample */,
				2239E9CE18658251002C0552 /* NSTreeDatabaseExampleTests */,
				2239E9A718658250002C0552 /* Products */,
				2239E9A818658250002C0552 /* Frameworks */,
			);
			sourceTree = "<group>";
		};
		2239E9A718658250002C0552 /* Products */ = {
			isa = PBXGroup;
			children = (
				2239E9A618658250002C0552 /* NSTreeDatabaseExample.app */,
				2239E9C718658250002C0552 /* NSTreeDatabaseExampleTests.xctest */,
			);
			name = Products;
			sourceTree = "<group>";
		};
		2239E9A818658250002C0552 /* Frameworks */ = {
			isa = PBXGroup;
			children = (
				2239E9A918658250002C0552 /* Foundation.framework */,
				2239E9AB18658250002C0552 /* CoreGraphics.framework */,
				2239E9AD18658250002C0552 /* UIKit.framework */,
				2239E9C818658250002C0552 /* XCTest.framework */,
			);
			name = Frameworks;
			sourceTree = "<group>";
		};
		2239E9AF18658250002C0552 /* NSTreeDatabaseExample */ = {
			isa = PBXGroup;
			children = (
				2239E9B818658250002C0552 /* CCAppDelegate.h */,
				2239E9B918658250002C0552 /* CCAppDelegate.m */,
				2239E9BB18658250002C0552 /* Main.storyboard */,
				2239E9BE18658250002C0552 /* CCViewController.h */,
				2239E9BF18658250002C0552 /* CCViewController.m */,
				2239E9C118658250002C0552 /* Images.xcassets */,
				2239E9B018658250002C0552 /* Supporting Files */,
			);
			path = NSTreeDatabaseExample;
			sourceTree = "<group>";
		};
		2239E9B018658250002C0552 /* Supporting Files */ = {
			isa = PBXGroup;
			children = (
				2239E9B118658250002C0552 /* NSTreeDatabaseExample-Info.plist */,
				2239E9B218658250002C0552 /* InfoPlist.strings */,
				2239E9B518658250002C0552 /* main.m */,
				2239E9B718658250002C0552 /* NSTreeDatabaseExample-Prefix.pch */,
			);
			name = "Supporting Files";
			sourceTree = "<group>";
		};
		2239E9CE18658251002C0552 /* NSTreeDatabaseExampleTests */ = {
			isa = PBXGroup;
			children = (
				2239E9D418658251002C0552 /* NSTreeDatabaseExampleTests.m */,
				2239E9CF18658251002C0552 /* Supporting Files */,
			);
			path = NSTreeDatabaseExampleTests;
			sourceTree = "<group>";
		};
		2239E9CF18658251002C0552 /* Supporting Files */ = {
			isa = PBXGroup;
			children = (
				2239E9D018658251002C0552 /* NSTreeDatabaseExampleTests-Info.plist */,
				2239E9D118658251002C0552 /* InfoPlist.strings */,
			);
			name = "Supporting Files";
			sourceTree = "<group>";
		};
		2239E9DE186584CA002C0552 /* NSTree */ = {
			isa = PBXGroup;
			children = (
				2239E9DF186584CA002C0552 /* NSTree.h */,
				2239E9E0186584CA002C0552 /* NSTree.m */,
			);
			name = NSTree;
			path = ../NSTree/NSTree;
			sourceTree = "<group>";
		};
		2239E9E618658583002C0552 /* NSTreeDatabase */ = {
			isa = PBXGroup;
			children = (
				2239E9E21865857A002C0552 /* NSTreeDatabase.h */,
				2239E9E31865857A002C0552 /* NSTreeDatabase.m */,
			);
			name = NSTreeDatabase;
			sourceTree = "<group>";
		};
/* End PBXGroup section */

/* Begin PBXNativeTarget section */
		2239E9A518658250002C0552 /* NSTreeDatabaseExample */ = {
			isa = PBXNativeTarget;
			buildConfigurationList = 2239E9D818658251002C0552 /* Build configuration list for PBXNativeTarget "NSTreeDatabaseExample" */;
			buildPhases = (
				2239E9A218658250002C0552 /* Sources */,
				2239E9A318658250002C0552 /* Frameworks */,
				2239E9A418658250002C0552 /* Resources */,
			);
			buildRules = (
			);
			dependencies = (
			);
			name = NSTreeDatabaseExample;
			productName = NSTreeDatabaseExample;
			productReference = 2239E9A618658250002C0552 /* NSTreeDatabaseExample.app */;
			productType = "com.apple.product-type.application";
		};
		2239E9C618658250002C0552 /* NSTreeDatabaseExampleTests */ = {
			isa = PBXNativeTarget;
			buildConfigurationList = 2239E9DB18658251002C0552 /* Build configuration list for PBXNativeTarget "NSTreeDatabaseExampleTests" */;
			buildPhases = (
				2239E9C318658250002C0552 /* Sources */,
				2239E9C418658250002C0552 /* Frameworks */,
				2239E9C518658250002C0552 /* Resources */,
			);
			buildRules = (
			);
			dependencies = (
				2239E9CD18658251002C0552 /* PBXTargetDependency */,
			);
			name = NSTreeDatabaseExampleTests;
			productName = NSTreeDatabaseExampleTests;
			productReference = 2239E9C718658250002C0552 /* NSTreeDatabaseExampleTests.xctest */;
			productType = "com.apple.product-type.bundle.unit-test";
		};
/* End PBXNativeTarget section */

/* Begin PBXProject section */
		2239E99E18658250002C0552 /* Project object */ = {
			isa = PBXProject;
			attributes = {
				CLASSPREFIX = CC;
				LastUpgradeCheck = 0500;
				ORGANIZATIONNAME = "Carlin Creations";
				TargetAttributes = {
					2239E9C618658250002C0552 = {
						TestTargetID = 2239E9A518658250002C0552;
					};
				};
			};
			buildConfigurationList = 2239E9A118658250002C0552 /* Build configuration list for PBXProject "NSTreeDatabaseExample" */;
			compatibilityVersion = "Xcode 3.2";
			developmentRegion = English;
			hasScannedForEncodings = 0;
			knownRegions = (
				en,
				Base,
			);
			mainGroup = 2239E99D18658250002C0552;
			productRefGroup = 2239E9A718658250002C0552 /* Products */;
			projectDirPath = "";
			projectRoot = "";
			targets = (
				2239E9A518658250002C0552 /* NSTreeDatabaseExample */,
				2239E9C618658250002C0552 /* NSTreeDatabaseExampleTests */,
			);
		};
/* End PBXProject section */

/* Begin PBXResourcesBuildPhase section */
		2239E9A418658250002C0552 /* Resources */ = {
			isa = PBXResourcesBuildPhase;
			buildActionMask = 2147483647;
			files = (
				2239E9C218658250002C0552 /* Images.xcassets in Resources */,
				2239E9B418658250002C0552 /* InfoPlist.strings in Resources */,
				2239E9BD18658250002C0552 /* Main.storyboard in Resources */,
			);
			runOnlyForDeploymentPostprocessing = 0;
		};
		2239E9C518658250002C0552 /* Resources */ = {
			isa = PBXResourcesBuildPhase;
			buildActionMask = 2147483647;
			files = (
				2239E9D318658251002C0552 /* InfoPlist.strings in Resources */,
			);
			runOnlyForDeploymentPostprocessing = 0;
		};
/* End PBXResourcesBuildPhase section */

/* Begin PBXSourcesBuildPhase section */
		2239E9A218658250002C0552 /* Sources */ = {
			isa = PBXSourcesBuildPhase;
			buildActionMask = 2147483647;
			files = (
				2239E9E1186584CA002C0552 /* NSTree.m in Sources */,
				2239E9BA18658250002C0552 /* CCAppDelegate.m in Sources */,
				2239E9B618658250002C0552 /* main.m in Sources */,
				2239E9E41865857A002C0552 /* NSTreeDatabase.m in Sources */,
				2239E9C018658250002C0552 /* CCViewController.m in Sources */,
			);
			runOnlyForDeploymentPostprocessing = 0;
		};
		2239E9C318658250002C0552 /* Sources */ = {
			isa = PBXSourcesBuildPhase;
			buildActionMask = 2147483647;
			files = (
				2239E9D518658251002C0552 /* NSTreeDatabaseExampleTests.m in Sources */,
				2239E9E51865857A002C0552 /* NSTreeDatabase.m in Sources */,
			);
			runOnlyForDeploymentPostprocessing = 0;
		};
/* End PBXSourcesBuildPhase section */

/* Begin PBXTargetDependency section */
		2239E9CD18658251002C0552 /* PBXTargetDependency */ = {
			isa = PBXTargetDependency;
			target = 2239E9A518658250002C0552 /* NSTreeDatabaseExample */;
			targetProxy = 2239E9CC18658251002C0552 /* PBXContainerItemProxy */;
		};
/* End PBXTargetDependency section */

/* Begin PBXVariantGroup section */
		2239E9B218658250002C0552 /* InfoPlist.strings */ = {
			isa = PBXVariantGroup;
			children = (
				2239E9B318658250002C0552 /* en */,
			);
			name = InfoPlist.strings;
			sourceTree = "<group>";
		};
		2239E9BB18658250002C0552 /* Main.storyboard */ = {
			isa = PBXVariantGroup;
			children = (
				2239E9BC18658250002C0552 /* Base */,
			);
			name = Main.storyboard;
			sourceTree = "<group>";
		};
		2239E9D118658251002C0552 /* InfoPlist.strings */ = {
			isa = PBXVariantGroup;
			children = (
				2239E9D218658251002C0552 /* en */,
			);
			name = InfoPlist.strings;
			sourceTree = "<group>";
		};
/* End PBXVariantGroup section */

/* Begin XCBuildConfiguration section */
		2239E9D618658251002C0552 /* Debug */ = {
			isa = XCBuildConfiguration;
			buildSettings = {
				ALWAYS_SEARCH_USER_PATHS = NO;
				ARCHS = "$(ARCHS_STANDARD_INCLUDING_64_BIT)";
				CLANG_CXX_LANGUAGE_STANDARD = "gnu++0x";
				CLANG_CXX_LIBRARY = "libc++";
				CLANG_ENABLE_MODULES = YES;
				CLANG_ENABLE_OBJC_ARC = YES;
				CLANG_WARN_BOOL_CONVERSION = YES;
				CLANG_WARN_CONSTANT_CONVERSION = YES;
				CLANG_WARN_DIRECT_OBJC_ISA_USAGE = YES_ERROR;
				CLANG_WARN_EMPTY_BODY = YES;
				CLANG_WARN_ENUM_CONVERSION = YES;
				CLANG_WARN_INT_CONVERSION = YES;
				CLANG_WARN_OBJC_ROOT_CLASS = YES_ERROR;
				CLANG_WARN__DUPLICATE_METHOD_MATCH = YES;
				"CODE_SIGN_IDENTITY[sdk=iphoneos*]" = "iPhone Developer";
				COPY_PHASE_STRIP = NO;
				GCC_C_LANGUAGE_STANDARD = gnu99;
				GCC_DYNAMIC_NO_PIC = NO;
				GCC_OPTIMIZATION_LEVEL = 0;
				GCC_PREPROCESSOR_DEFINITIONS = (
					"DEBUG=1",
					"$(inherited)",
				);
				GCC_SYMBOLS_PRIVATE_EXTERN = NO;
				GCC_WARN_64_TO_32_BIT_CONVERSION = YES;
				GCC_WARN_ABOUT_RETURN_TYPE = YES_ERROR;
				GCC_WARN_UNDECLARED_SELECTOR = YES;
				GCC_WARN_UNINITIALIZED_AUTOS = YES;
				GCC_WARN_UNUSED_FUNCTION = YES;
				GCC_WARN_UNUSED_VARIABLE = YES;
				IPHONEOS_DEPLOYMENT_TARGET = 7.0;
				ONLY_ACTIVE_ARCH = YES;
				SDKROOT = iphoneos;
			};
			name = Debug;
		};
		2239E9D718658251002C0552 /* Release */ = {
			isa = XCBuildConfiguration;
			buildSettings = {
				ALWAYS_SEARCH_USER_PATHS = NO;
				ARCHS = "$(ARCHS_STANDARD_INCLUDING_64_BIT)";
				CLANG_CXX_LANGUAGE_STANDARD = "gnu++0x";
				CLANG_CXX_LIBRARY = "libc++";
				CLANG_ENABLE_MODULES = YES;
				CLANG_ENABLE_OBJC_ARC = YES;
				CLANG_WARN_BOOL_CONVERSION = YES;
				CLANG_WARN_CONSTANT_CONVERSION = YES;
				CLANG_WARN_DIRECT_OBJC_ISA_USAGE = YES_ERROR;
				CLANG_WARN_EMPTY_BODY = YES;
				CLANG_WARN_ENUM_CONVERSION = YES;
				CLANG_WARN_INT_CONVERSION = YES;
				CLANG_WARN_OBJC_ROOT_CLASS = YES_ERROR;
				CLANG_WARN__DUPLICATE_METHOD_MATCH = YES;
				"CODE_SIGN_IDENTITY[sdk=iphoneos*]" = "iPhone Developer";
				COPY_PHASE_STRIP = YES;
				ENABLE_NS_ASSERTIONS = NO;
				GCC_C_LANGUAGE_STANDARD = gnu99;
				GCC_WARN_64_TO_32_BIT_CONVERSION = YES;
				GCC_WARN_ABOUT_RETURN_TYPE = YES_ERROR;
				GCC_WARN_UNDECLARED_SELECTOR = YES;
				GCC_WARN_UNINITIALIZED_AUTOS = YES;
				GCC_WARN_UNUSED_FUNCTION = YES;
				GCC_WARN_UNUSED_VARIABLE = YES;
				IPHONEOS_DEPLOYMENT_TARGET = 7.0;
				SDKROOT = iphoneos;
				VALIDATE_PRODUCT = YES;
			};
			name = Release;
		};
		2239E9D918658251002C0552 /* Debug */ = {
			isa = XCBuildConfiguration;
			buildSettings = {
				ASSETCATALOG_COMPILER_APPICON_NAME = AppIcon;
				ASSETCATALOG_COMPILER_LAUNCHIMAGE_NAME = LaunchImage;
				GCC_PRECOMPILE_PREFIX_HEADER = YES;
				GCC_PREFIX_HEADER = "NSTreeDatabaseExample/NSTreeDatabaseExample-Prefix.pch";
				INFOPLIST_FILE = "NSTreeDatabaseExample/NSTreeDatabaseExample-Info.plist";
				PRODUCT_NAME = "$(TARGET_NAME)";
				WRAPPER_EXTENSION = app;
			};
			name = Debug;
		};
		2239E9DA18658251002C0552 /* Release */ = {
			isa = XCBuildConfiguration;
			buildSettings = {
				ASSETCATALOG_COMPILER_APPICON_NAME = AppIcon;
				ASSETCATALOG_COMPILER_LAUNCHIMAGE_NAME = LaunchImage;
				GCC_PRECOMPILE_PREFIX_HEADER = YES;
				GCC_PREFIX_HEADER = "NSTreeDatabaseExample/NSTreeDatabaseExample-Prefix.pch";
				INFOPLIST_FILE = "NSTreeDatabaseExample/NSTreeDatabaseExample-Info.plist";
				PRODUCT_NAME = "$(TARGET_NAME)";
				WRAPPER_EXTENSION = app;
			};
			name = Release;
		};
		2239E9DC18658251002C0552 /* Debug */ = {
			isa = XCBuildConfiguration;
			buildSettings = {
				ARCHS = "$(ARCHS_STANDARD_INCLUDING_64_BIT)";
				BUNDLE_LOADER = "$(BUILT_PRODUCTS_DIR)/NSTreeDatabaseExample.app/NSTreeDatabaseExample";
				FRAMEWORK_SEARCH_PATHS = (
					"$(SDKROOT)/Developer/Library/Frameworks",
					"$(inherited)",
					"$(DEVELOPER_FRAMEWORKS_DIR)",
				);
				GCC_PRECOMPILE_PREFIX_HEADER = YES;
				GCC_PREFIX_HEADER = "NSTreeDatabaseExample/NSTreeDatabaseExample-Prefix.pch";
				GCC_PREPROCESSOR_DEFINITIONS = (
					"DEBUG=1",
					"$(inherited)",
				);
				INFOPLIST_FILE = "NSTreeDatabaseExampleTests/NSTreeDatabaseExampleTests-Info.plist";
				PRODUCT_NAME = "$(TARGET_NAME)";
				TEST_HOST = "$(BUNDLE_LOADER)";
				WRAPPER_EXTENSION = xctest;
			};
			name = Debug;
		};
		2239E9DD18658251002C0552 /* Release */ = {
			isa = XCBuildConfiguration;
			buildSettings = {
				ARCHS = "$(ARCHS_STANDARD_INCLUDING_64_BIT)";
				BUNDLE_LOADER = "$(BUILT_PRODUCTS_DIR)/NSTreeDatabaseExample.app/NSTreeDatabaseExample";
				FRAMEWORK_SEARCH_PATHS = (
					"$(SDKROOT)/Developer/Library/Frameworks",
					"$(inherited)",
					"$(DEVELOPER_FRAMEWORKS_DIR)",
				);
				GCC_PRECOMPILE_PREFIX_HEADER = YES;
				GCC_PREFIX_HEADER = "NSTreeDatabaseExample/NSTreeDatabaseExample-Prefix.pch";
				INFOPLIST_FILE = "NSTreeDatabaseExampleTests/NSTreeDatabaseExampleTests-Info.plist";
				PRODUCT_NAME = "$(TARGET_NAME)";
				TEST_HOST = "$(BUNDLE_LOADER)";
				WRAPPER_EXTENSION = xctest;
			};
			name = Release;
		};
/* End XCBuildConfiguration section */

/* Begin XCConfigurationList section */
		2239E9A118658250002C0552 /* Build configuration list for PBXProject "NSTreeDatabaseExample" */ = {
			isa = XCConfigurationList;
			buildConfigurations = (
				2239E9D618658251002C0552 /* Debug */,
				2239E9D718658251002C0552 /* Release */,
			);
			defaultConfigurationIsVisible = 0;
			defaultConfigurationName = Release;
		};
		2239E9D818658251002C0552 /* Build configuration list for PBXNativeTarget "NSTreeDatabaseExample" */ = {
			isa = XCConfigurationList;
			buildConfigurations = (
				2239E9D918658251002C0552 /* Debug */,
				2239E9DA18658251002C0552 /* Release */,
			);
			defaultConfigurationIsVisible = 0;
		};
		2239E9DB18658251002C0552 /* Build configuration list for PBXNativeTarget "NSTreeDatabaseExampleTests" */ = {
			isa = XCConfigurationList;
			buildConfigurations = (
				2239E9DC18658251002C0552 /* Debug */,
				2239E9DD18658251002C0552 /* Release */,
			);
			defaultConfigurationIsVisible = 0;
		};
/* End XCConfigurationList section */
	};
	rootObject = 2239E99E18658250002C0552 /* Project object */;
}
